
Microsoft Visual Studio Solution File, Format Version 12.00
# Visual Studio Version 17
VisualStudioVersion = 17.0.31903.59
MinimumVisualStudioVersion = 10.0.40219.1
Project("{2150E333-8FDC-42A3-9474-1A3956D46DE8}") = "src", "src", "{A6BBEE66-911E-48B9-B798-739F78128E7A}"
EndProject
Project("{FAE04EC0-301F-11D3-BF4B-00C04F79EFBC}") = "NQueens.Api", "src\NQueens.Api\NQueens.Api.csproj", "{4D32ED43-195F-47D8-A21B-6FFF89688042}"
EndProject
Global
	GlobalSection(SolutionConfigurationPlatforms) = preSolution
		Debug|Any CPU = Debug|Any CPU
		Release|Any CPU = Release|Any CPU
	EndGlobalSection
	GlobalSection(SolutionProperties) = preSolution
		HideSolutionNode = FALSE
	EndGlobalSection
	GlobalSection(ProjectConfigurationPlatforms) = postSolution
		{4D32ED43-195F-47D8-A21B-6FFF89688042}.Debug|Any CPU.ActiveCfg = Debug|Any CPU
		{4D32ED43-195F-47D8-A21B-6FFF89688042}.Debug|Any CPU.Build.0 = Debug|Any CPU
		{4D32ED43-195F-47D8-A21B-6FFF89688042}.Release|Any CPU.ActiveCfg = Release|Any CPU
		{4D32ED43-195F-47D8-A21B-6FFF89688042}.Release|Any CPU.Build.0 = Release|Any CPU
	EndGlobalSection
	GlobalSection(NestedProjects) = preSolution
		{4D32ED43-195F-47D8-A21B-6FFF89688042} = {A6BBEE66-911E-48B9-B798-739F78128E7A}
	EndGlobalSection
EndGlobal
